
Microsoft Visual Studio Solution File, Format Version 12.00
# Visual Studio Version 16
VisualStudioVersion = 25.0.1706.8
MinimumVisualStudioVersion = 10.0.40219.1
Project("{FAE04EC0-301F-11D3-BF4B-00C04F79EFBC}") = "4.3.12", "ConsoleApplication\4.3.12.csproj", "{95D802A4-A15E-439F-9E41-135375AC5781}"
EndProject
Project("{FAE04EC0-301F-11D3-BF4B-00C04F79EFBC}") = "4.3.11", "4.3.11\4.3.11.csproj", "{C2348AEE-AF0B-4DCA-A037-210DFBE7AFAD}"
EndProject
Project("{FAE04EC0-301F-11D3-BF4B-00C04F79EFBC}") = "4.3.13", "4.3.13\4.3.13.csproj", "{4AD8BE52-48AA-4BA8-9768-04EA894152C0}"
EndProject
Project("{FAE04EC0-301F-11D3-BF4B-00C04F79EFBC}") = "4.3.14", "4.3.14\4.3.14.csproj", "{781E93CD-5244-45F3-911B-38BB8A133B36}"
EndProject
Project("{FAE04EC0-301F-11D3-BF4B-00C04F79EFBC}") = "4.3.15", "4.3.15\4.3.15.csproj", "{188A95E0-AA95-46D5-B7E2-769D6870AA68}"
EndProject
Project("{FAE04EC0-301F-11D3-BF4B-00C04F79EFBC}") = "4.3.16", "4.3.16\4.3.16.csproj", "{A7B2A846-0F38-4533-86F4-8D4A7F469FEF}"
EndProject
Project("{FAE04EC0-301F-11D3-BF4B-00C04F79EFBC}") = "4.3.17", "4.3.17\4.3.17.csproj", "{8F3F546A-16B2-4B5A-A5D8-A78EA3FDAACA}"
EndProject
Project("{FAE04EC0-301F-11D3-BF4B-00C04F79EFBC}") = "4.4.2", "4.4.2\4.4.2.csproj", "{DE90DBB3-8E9F-4A01-9A74-031E6D4A3CDB}"
EndProject
Project("{FAE04EC0-301F-11D3-BF4B-00C04F79EFBC}") = "4.4.3", "4.4.3\4.4.3.csproj", "{71636D0F-372E-483A-821C-227D9213A22E}"
EndProject
Project("{FAE04EC0-301F-11D3-BF4B-00C04F79EFBC}") = "4.4.5", "4.4.5\4.4.5.csproj", "{2063EC83-4F3C-4590-80DA-88C79B4A10E4}"
EndProject
Project("{FAE04EC0-301F-11D3-BF4B-00C04F79EFBC}") = "4.5", "4.5\4.5.csproj", "{E6A71005-0CEE-48F5-8859-2E14D0FFFD72}"
EndProject
Project("{FAE04EC0-301F-11D3-BF4B-00C04F79EFBC}") = "5.1", "5.1\5.1.csproj", "{431844AA-0872-46EC-B8A9-C4DD4083F9C8}"
EndProject
Project("{FAE04EC0-301F-11D3-BF4B-00C04F79EFBC}") = "5.1.5", "5.1.5\5.1.5.csproj", "{4B591CEF-D2AD-451D-BB92-CDDE0669E3E5}"
EndProject
Project("{FAE04EC0-301F-11D3-BF4B-00C04F79EFBC}") = "5.1.6", "5.1.6\5.1.6.csproj", "{984B8ABE-B736-4D10-AAC6-A7C07AC9EF75}"
EndProject
Project("{FAE04EC0-301F-11D3-BF4B-00C04F79EFBC}") = "5.2.2", "5.2.2\5.2.2.csproj", "{37854A48-7DC7-4B09-8DA7-E851674BE66A}"
EndProject
Project("{FAE04EC0-301F-11D3-BF4B-00C04F79EFBC}") = "5.2.7", "5.2.7\5.2.7.csproj", "{276F9E63-5B3B-4BCD-AFC8-1D72CB7A1086}"
EndProject
Project("{FAE04EC0-301F-11D3-BF4B-00C04F79EFBC}") = "5.2.8", "5.2.8\5.2.8.csproj", "{CDD4002B-E26B-4B2C-B524-ABF57D1E567F}"
EndProject
Project("{FAE04EC0-301F-11D3-BF4B-00C04F79EFBC}") = "5.2.14", "5.2.14\5.2.14.csproj", "{80D3F492-1429-4146-9718-ADE8BD6DE90E}"
EndProject
Project("{FAE04EC0-301F-11D3-BF4B-00C04F79EFBC}") = "5.2.17", "5.2.17\5.2.17.csproj", "{475CCAC4-58CE-40B1-9A80-80398E2152FF}"
EndProject
Project("{FAE04EC0-301F-11D3-BF4B-00C04F79EFBC}") = "5.2.18", "5.2.18\5.2.18.csproj", "{6EE46ACA-1DC0-467C-B032-7A19D6AF09BA}"
EndProject
Project("{FAE04EC0-301F-11D3-BF4B-00C04F79EFBC}") = "5.3.3", "5.3.3\5.3.3.csproj", "{FB5A1646-8F16-4932-9CD6-BDF78D48254D}"
EndProject
Project("{FAE04EC0-301F-11D3-BF4B-00C04F79EFBC}") = "5.3.8", "5.3.8\5.3.8.csproj", "{93C0E267-7D98-4001-BFA7-C7B864A8E98D}"
EndProject
Project("{FAE04EC0-301F-11D3-BF4B-00C04F79EFBC}") = "5.3.11", "5.3.11\5.3.11.csproj", "{2F8B4646-5A62-44CD-9510-FF980C274045}"
EndProject
Project("{FAE04EC0-301F-11D3-BF4B-00C04F79EFBC}") = "5.3.13", "5.3.13\5.3.13.csproj", "{66CAAC4D-718B-4205-B5CE-42373757E3D0}"
EndProject
Global
	GlobalSection(SolutionConfigurationPlatforms) = preSolution
		Debug|Any CPU = Debug|Any CPU
		Release|Any CPU = Release|Any CPU
	EndGlobalSection
	GlobalSection(ProjectConfigurationPlatforms) = postSolution
		{95D802A4-A15E-439F-9E41-135375AC5781}.Debug|Any CPU.ActiveCfg = Debug|Any CPU
		{95D802A4-A15E-439F-9E41-135375AC5781}.Debug|Any CPU.Build.0 = Debug|Any CPU
		{95D802A4-A15E-439F-9E41-135375AC5781}.Release|Any CPU.ActiveCfg = Release|Any CPU
		{95D802A4-A15E-439F-9E41-135375AC5781}.Release|Any CPU.Build.0 = Release|Any CPU
		{C2348AEE-AF0B-4DCA-A037-210DFBE7AFAD}.Debug|Any CPU.ActiveCfg = Debug|Any CPU
		{C2348AEE-AF0B-4DCA-A037-210DFBE7AFAD}.Debug|Any CPU.Build.0 = Debug|Any CPU
		{C2348AEE-AF0B-4DCA-A037-210DFBE7AFAD}.Release|Any CPU.ActiveCfg = Release|Any CPU
		{C2348AEE-AF0B-4DCA-A037-210DFBE7AFAD}.Release|Any CPU.Build.0 = Release|Any CPU
		{4AD8BE52-48AA-4BA8-9768-04EA894152C0}.Debug|Any CPU.ActiveCfg = Debug|Any CPU
		{4AD8BE52-48AA-4BA8-9768-04EA894152C0}.Debug|Any CPU.Build.0 = Debug|Any CPU
		{4AD8BE52-48AA-4BA8-9768-04EA894152C0}.Release|Any CPU.ActiveCfg = Release|Any CPU
		{4AD8BE52-48AA-4BA8-9768-04EA894152C0}.Release|Any CPU.Build.0 = Release|Any CPU
		{781E93CD-5244-45F3-911B-38BB8A133B36}.Debug|Any CPU.ActiveCfg = Debug|Any CPU
		{781E93CD-5244-45F3-911B-38BB8A133B36}.Debug|Any CPU.Build.0 = Debug|Any CPU
		{781E93CD-5244-45F3-911B-38BB8A133B36}.Release|Any CPU.ActiveCfg = Release|Any CPU
		{781E93CD-5244-45F3-911B-38BB8A133B36}.Release|Any CPU.Build.0 = Release|Any CPU
		{188A95E0-AA95-46D5-B7E2-769D6870AA68}.Debug|Any CPU.ActiveCfg = Debug|Any CPU
		{188A95E0-AA95-46D5-B7E2-769D6870AA68}.Debug|Any CPU.Build.0 = Debug|Any CPU
		{188A95E0-AA95-46D5-B7E2-769D6870AA68}.Release|Any CPU.ActiveCfg = Release|Any CPU
		{188A95E0-AA95-46D5-B7E2-769D6870AA68}.Release|Any CPU.Build.0 = Release|Any CPU
		{A7B2A846-0F38-4533-86F4-8D4A7F469FEF}.Debug|Any CPU.ActiveCfg = Debug|Any CPU
		{A7B2A846-0F38-4533-86F4-8D4A7F469FEF}.Debug|Any CPU.Build.0 = Debug|Any CPU
		{A7B2A846-0F38-4533-86F4-8D4A7F469FEF}.Release|Any CPU.ActiveCfg = Release|Any CPU
		{A7B2A846-0F38-4533-86F4-8D4A7F469FEF}.Release|Any CPU.Build.0 = Release|Any CPU
		{8F3F546A-16B2-4B5A-A5D8-A78EA3FDAACA}.Debug|Any CPU.ActiveCfg = Debug|Any CPU
		{8F3F546A-16B2-4B5A-A5D8-A78EA3FDAACA}.Debug|Any CPU.Build.0 = Debug|Any CPU
		{8F3F546A-16B2-4B5A-A5D8-A78EA3FDAACA}.Release|Any CPU.ActiveCfg = Release|Any CPU
		{8F3F546A-16B2-4B5A-A5D8-A78EA3FDAACA}.Release|Any CPU.Build.0 = Release|Any CPU
		{DE90DBB3-8E9F-4A01-9A74-031E6D4A3CDB}.Debug|Any CPU.ActiveCfg = Debug|Any CPU
		{DE90DBB3-8E9F-4A01-9A74-031E6D4A3CDB}.Debug|Any CPU.Build.0 = Debug|Any CPU
		{DE90DBB3-8E9F-4A01-9A74-031E6D4A3CDB}.Release|Any CPU.ActiveCfg = Release|Any CPU
		{DE90DBB3-8E9F-4A01-9A74-031E6D4A3CDB}.Release|Any CPU.Build.0 = Release|Any CPU
		{71636D0F-372E-483A-821C-227D9213A22E}.Debug|Any CPU.ActiveCfg = Debug|Any CPU
		{71636D0F-372E-483A-821C-227D9213A22E}.Debug|Any CPU.Build.0 = Debug|Any CPU
		{71636D0F-372E-483A-821C-227D9213A22E}.Release|Any CPU.ActiveCfg = Release|Any CPU
		{71636D0F-372E-483A-821C-227D9213A22E}.Release|Any CPU.Build.0 = Release|Any CPU
		{2063EC83-4F3C-4590-80DA-88C79B4A10E4}.Debug|Any CPU.ActiveCfg = Debug|Any CPU
		{2063EC83-4F3C-4590-80DA-88C79B4A10E4}.Debug|Any CPU.Build.0 = Debug|Any CPU
		{2063EC83-4F3C-4590-80DA-88C79B4A10E4}.Release|Any CPU.ActiveCfg = Release|Any CPU
		{2063EC83-4F3C-4590-80DA-88C79B4A10E4}.Release|Any CPU.Build.0 = Release|Any CPU
		{E6A71005-0CEE-48F5-8859-2E14D0FFFD72}.Debug|Any CPU.ActiveCfg = Debug|Any CPU
		{E6A71005-0CEE-48F5-8859-2E14D0FFFD72}.Debug|Any CPU.Build.0 = Debug|Any CPU
		{E6A71005-0CEE-48F5-8859-2E14D0FFFD72}.Release|Any CPU.ActiveCfg = Release|Any CPU
		{E6A71005-0CEE-48F5-8859-2E14D0FFFD72}.Release|Any CPU.Build.0 = Release|Any CPU
		{431844AA-0872-46EC-B8A9-C4DD4083F9C8}.Debug|Any CPU.ActiveCfg = Debug|Any CPU
		{431844AA-0872-46EC-B8A9-C4DD4083F9C8}.Debug|Any CPU.Build.0 = Debug|Any CPU
		{431844AA-0872-46EC-B8A9-C4DD4083F9C8}.Release|Any CPU.ActiveCfg = Release|Any CPU
		{431844AA-0872-46EC-B8A9-C4DD4083F9C8}.Release|Any CPU.Build.0 = Release|Any CPU
		{4B591CEF-D2AD-451D-BB92-CDDE0669E3E5}.Debug|Any CPU.ActiveCfg = Debug|Any CPU
		{4B591CEF-D2AD-451D-BB92-CDDE0669E3E5}.Debug|Any CPU.Build.0 = Debug|Any CPU
		{4B591CEF-D2AD-451D-BB92-CDDE0669E3E5}.Release|Any CPU.ActiveCfg = Release|Any CPU
		{4B591CEF-D2AD-451D-BB92-CDDE0669E3E5}.Release|Any CPU.Build.0 = Release|Any CPU
		{984B8ABE-B736-4D10-AAC6-A7C07AC9EF75}.Debug|Any CPU.ActiveCfg = Debug|Any CPU
		{984B8ABE-B736-4D10-AAC6-A7C07AC9EF75}.Debug|Any CPU.Build.0 = Debug|Any CPU
		{984B8ABE-B736-4D10-AAC6-A7C07AC9EF75}.Release|Any CPU.ActiveCfg = Release|Any CPU
		{984B8ABE-B736-4D10-AAC6-A7C07AC9EF75}.Release|Any CPU.Build.0 = Release|Any CPU
		{37854A48-7DC7-4B09-8DA7-E851674BE66A}.Debug|Any CPU.ActiveCfg = Debug|Any CPU
		{37854A48-7DC7-4B09-8DA7-E851674BE66A}.Debug|Any CPU.Build.0 = Debug|Any CPU
		{37854A48-7DC7-4B09-8DA7-E851674BE66A}.Release|Any CPU.ActiveCfg = Release|Any CPU
		{37854A48-7DC7-4B09-8DA7-E851674BE66A}.Release|Any CPU.Build.0 = Release|Any CPU
		{276F9E63-5B3B-4BCD-AFC8-1D72CB7A1086}.Debug|Any CPU.ActiveCfg = Debug|Any CPU
		{276F9E63-5B3B-4BCD-AFC8-1D72CB7A1086}.Debug|Any CPU.Build.0 = Debug|Any CPU
		{276F9E63-5B3B-4BCD-AFC8-1D72CB7A1086}.Release|Any CPU.ActiveCfg = Release|Any CPU
		{276F9E63-5B3B-4BCD-AFC8-1D72CB7A1086}.Release|Any CPU.Build.0 = Release|Any CPU
		{CDD4002B-E26B-4B2C-B524-ABF57D1E567F}.Debug|Any CPU.ActiveCfg = Debug|Any CPU
		{CDD4002B-E26B-4B2C-B524-ABF57D1E567F}.Debug|Any CPU.Build.0 = Debug|Any CPU
		{CDD4002B-E26B-4B2C-B524-ABF57D1E567F}.Release|Any CPU.ActiveCfg = Release|Any CPU
		{CDD4002B-E26B-4B2C-B524-ABF57D1E567F}.Release|Any CPU.Build.0 = Release|Any CPU
		{80D3F492-1429-4146-9718-ADE8BD6DE90E}.Debug|Any CPU.ActiveCfg = Debug|Any CPU
		{80D3F492-1429-4146-9718-ADE8BD6DE90E}.Debug|Any CPU.Build.0 = Debug|Any CPU
		{80D3F492-1429-4146-9718-ADE8BD6DE90E}.Release|Any CPU.ActiveCfg = Release|Any CPU
		{80D3F492-1429-4146-9718-ADE8BD6DE90E}.Release|Any CPU.Build.0 = Release|Any CPU
		{475CCAC4-58CE-40B1-9A80-80398E2152FF}.Debug|Any CPU.ActiveCfg = Debug|Any CPU
		{475CCAC4-58CE-40B1-9A80-80398E2152FF}.Debug|Any CPU.Build.0 = Debug|Any CPU
		{475CCAC4-58CE-40B1-9A80-80398E2152FF}.Release|Any CPU.ActiveCfg = Release|Any CPU
		{475CCAC4-58CE-40B1-9A80-80398E2152FF}.Release|Any CPU.Build.0 = Release|Any CPU
		{6EE46ACA-1DC0-467C-B032-7A19D6AF09BA}.Debug|Any CPU.ActiveCfg = Debug|Any CPU
		{6EE46ACA-1DC0-467C-B032-7A19D6AF09BA}.Debug|Any CPU.Build.0 = Debug|Any CPU
		{6EE46ACA-1DC0-467C-B032-7A19D6AF09BA}.Release|Any CPU.ActiveCfg = Release|Any CPU
		{6EE46ACA-1DC0-467C-B032-7A19D6AF09BA}.Release|Any CPU.Build.0 = Release|Any CPU
		{FB5A1646-8F16-4932-9CD6-BDF78D48254D}.Debug|Any CPU.ActiveCfg = Debug|Any CPU
		{FB5A1646-8F16-4932-9CD6-BDF78D48254D}.Debug|Any CPU.Build.0 = Debug|Any CPU
		{FB5A1646-8F16-4932-9CD6-BDF78D48254D}.Release|Any CPU.ActiveCfg = Release|Any CPU
		{FB5A1646-8F16-4932-9CD6-BDF78D48254D}.Release|Any CPU.Build.0 = Release|Any CPU
		{93C0E267-7D98-4001-BFA7-C7B864A8E98D}.Debug|Any CPU.ActiveCfg = Debug|Any CPU
		{93C0E267-7D98-4001-BFA7-C7B864A8E98D}.Debug|Any CPU.Build.0 = Debug|Any CPU
		{93C0E267-7D98-4001-BFA7-C7B864A8E98D}.Release|Any CPU.ActiveCfg = Release|Any CPU
		{93C0E267-7D98-4001-BFA7-C7B864A8E98D}.Release|Any CPU.Build.0 = Release|Any CPU
		{2F8B4646-5A62-44CD-9510-FF980C274045}.Debug|Any CPU.ActiveCfg = Debug|Any CPU
		{2F8B4646-5A62-44CD-9510-FF980C274045}.Debug|Any CPU.Build.0 = Debug|Any CPU
		{2F8B4646-5A62-44CD-9510-FF980C274045}.Release|Any CPU.ActiveCfg = Release|Any CPU
		{2F8B4646-5A62-44CD-9510-FF980C274045}.Release|Any CPU.Build.0 = Release|Any CPU
		{66CAAC4D-718B-4205-B5CE-42373757E3D0}.Debug|Any CPU.ActiveCfg = Debug|Any CPU
		{66CAAC4D-718B-4205-B5CE-42373757E3D0}.Debug|Any CPU.Build.0 = Debug|Any CPU
		{66CAAC4D-718B-4205-B5CE-42373757E3D0}.Release|Any CPU.ActiveCfg = Release|Any CPU
		{66CAAC4D-718B-4205-B5CE-42373757E3D0}.Release|Any CPU.Build.0 = Release|Any CPU
	EndGlobalSection
	GlobalSection(SolutionProperties) = preSolution
		HideSolutionNode = FALSE
	EndGlobalSection
	GlobalSection(ExtensibilityGlobals) = postSolution
		SolutionGuid = {8286D6CE-3FCB-4EE9-B458-47B835B175B9}
	EndGlobalSection
EndGlobal
