
Microsoft Visual Studio Solution File, Format Version 12.00
# Visual Studio Version 16
VisualStudioVersion = 25.0.1706.8
MinimumVisualStudioVersion = 10.0.40219.1
Project("{FAE04EC0-301F-11D3-BF4B-00C04F79EFBC}") = "4.3.12", "ConsoleApplication\4.3.12.csproj", "{95D802A4-A15E-439F-9E41-135375AC5781}"
EndProject
Project("{FAE04EC0-301F-11D3-BF4B-00C04F79EFBC}") = "4.3.11", "4.3.11\4.3.11.csproj", "{C2348AEE-AF0B-4DCA-A037-210DFBE7AFAD}"
EndProject
Project("{FAE04EC0-301F-11D3-BF4B-00C04F79EFBC}") = "4.3.13", "4.3.13\4.3.13.csproj", "{4AD8BE52-48AA-4BA8-9768-04EA894152C0}"
EndProject
Project("{FAE04EC0-301F-11D3-BF4B-00C04F79EFBC}") = "4.3.14", "4.3.14\4.3.14.csproj", "{781E93CD-5244-45F3-911B-38BB8A133B36}"
EndProject
Project("{FAE04EC0-301F-11D3-BF4B-00C04F79EFBC}") = "4.3.15", "4.3.15\4.3.15.csproj", "{188A95E0-AA95-46D5-B7E2-769D6870AA68}"
EndProject
Project("{FAE04EC0-301F-11D3-BF4B-00C04F79EFBC}") = "4.3.16", "4.3.16\4.3.16.csproj", "{A7B2A846-0F38-4533-86F4-8D4A7F469FEF}"
EndProject
Project("{FAE04EC0-301F-11D3-BF4B-00C04F79EFBC}") = "4.3.17", "4.3.17\4.3.17.csproj", "{8F3F546A-16B2-4B5A-A5D8-A78EA3FDAACA}"
EndProject
Project("{FAE04EC0-301F-11D3-BF4B-00C04F79EFBC}") = "4.4.2", "4.4.2\4.4.2.csproj", "{DE90DBB3-8E9F-4A01-9A74-031E6D4A3CDB}"
EndProject
Project("{FAE04EC0-301F-11D3-BF4B-00C04F79EFBC}") = "4.4.3", "4.4.3\4.4.3.csproj", "{71636D0F-372E-483A-821C-227D9213A22E}"
EndProject
Project("{FAE04EC0-301F-11D3-BF4B-00C04F79EFBC}") = "4.4.5", "4.4.5\4.4.5.csproj", "{2063EC83-4F3C-4590-80DA-88C79B4A10E4}"
EndProject
Project("{FAE04EC0-301F-11D3-BF4B-00C04F79EFBC}") = "4.5", "4.5\4.5.csproj", "{E6A71005-0CEE-48F5-8859-2E14D0FFFD72}"
EndProject
Project("{FAE04EC0-301F-11D3-BF4B-00C04F79EFBC}") = "5.1", "5.1\5.1.csproj", "{431844AA-0872-46EC-B8A9-C4DD4083F9C8}"
EndProject
Project("{FAE04EC0-301F-11D3-BF4B-00C04F79EFBC}") = "5.1.5", "5.1.5\5.1.5.csproj", "{4B591CEF-D2AD-451D-BB92-CDDE0669E3E5}"
EndProject
Project("{FAE04EC0-301F-11D3-BF4B-00C04F79EFBC}") = "5.1.6", "5.1.6\5.1.6.csproj", "{984B8ABE-B736-4D10-AAC6-A7C07AC9EF75}"
EndProject
Project("{FAE04EC0-301F-11D3-BF4B-00C04F79EFBC}") = "5.2.2", "5.2.2\5.2.2.csproj", "{37854A48-7DC7-4B09-8DA7-E851674BE66A}"
EndProject
Project("{FAE04EC0-301F-11D3-BF4B-00C04F79EFBC}") = "5.2.7", "5.2.7\5.2.7.csproj", "{276F9E63-5B3B-4BCD-AFC8-1D72CB7A1086}"
EndProject
Project("{FAE04EC0-301F-11D3-BF4B-00C04F79EFBC}") = "5.2.8", "5.2.8\5.2.8.csproj", "{CDD4002B-E26B-4B2C-B524-ABF57D1E567F}"
EndProject
Project("{FAE04EC0-301F-11D3-BF4B-00C04F79EFBC}") = "5.2.14", "5.2.14\5.2.14.csproj", "{80D3F492-1429-4146-9718-ADE8BD6DE90E}"
EndProject
Project("{FAE04EC0-301F-11D3-BF4B-00C04F79EFBC}") = "5.2.17", "5.2.17\5.2.17.csproj", "{475CCAC4-58CE-40B1-9A80-80398E2152FF}"
EndProject
Project("{FAE04EC0-301F-11D3-BF4B-00C04F79EFBC}") = "5.2.18", "5.2.18\5.2.18.csproj", "{6EE46ACA-1DC0-467C-B032-7A19D6AF09BA}"
EndProject
Project("{FAE04EC0-301F-11D3-BF4B-00C04F79EFBC}") = "5.3.3", "5.3.3\5.3.3.csproj", "{FB5A1646-8F16-4932-9CD6-BDF78D48254D}"
EndProject
Project("{FAE04EC0-301F-11D3-BF4B-00C04F79EFBC}") = "5.3.8", "5.3.8\5.3.8.csproj", "{93C0E267-7D98-4001-BFA7-C7B864A8E98D}"
EndProject
Project("{FAE04EC0-301F-11D3-BF4B-00C04F79EFBC}") = "5.3.11", "5.3.11\5.3.11.csproj", "{2F8B4646-5A62-44CD-9510-FF980C274045}"
EndProject
Project("{FAE04EC0-301F-11D3-BF4B-00C04F79EFBC}") = "5.3.13", "5.3.13\5.3.13.csproj", "{66CAAC4D-718B-4205-B5CE-42373757E3D0}"
EndProject
Project("{FAE04EC0-301F-11D3-BF4B-00C04F79EFBC}") = "5.5.3", "5.5.3\5.5.3.csproj", "{010AB1BB-DF6A-46BD-B66C-6CF4BF29ECB4}"
EndProject
Project("{FAE04EC0-301F-11D3-BF4B-00C04F79EFBC}") = "5.5.4", "5.5.4\5.5.4.csproj", "{F890C45D-796A-4A35-A6F7-DAB400F98DAE}"
EndProject
Project("{FAE04EC0-301F-11D3-BF4B-00C04F79EFBC}") = "5.5.8", "5.5.8\5.5.8.csproj", "{02DEC5BC-BF54-43FD-9DE2-2AB74A240E92}"
EndProject
Project("{FAE04EC0-301F-11D3-BF4B-00C04F79EFBC}") = "5.6", "5.6\5.6.csproj", "{9D71542B-DBF6-46FA-949F-0B300EB9C03C}"
EndProject
Project("{FAE04EC0-301F-11D3-BF4B-00C04F79EFBC}") = "6.2.2", "6.2.2\6.2.2.csproj", "{65EB1905-E70D-4EDE-929C-ED153CB80032}"
EndProject
Project("{FAE04EC0-301F-11D3-BF4B-00C04F79EFBC}") = "6.2.8", "6.2.8\6.2.8.csproj", "{F4FB5FD4-1BF0-4990-8417-2E060DD17739}"
EndProject
Project("{FAE04EC0-301F-11D3-BF4B-00C04F79EFBC}") = "6.3.2", "6.3.1\6.3.2.csproj", "{F4DE8D89-F13B-40A8-AF22-A0DA213B5FFF}"
EndProject
Project("{FAE04EC0-301F-11D3-BF4B-00C04F79EFBC}") = "6.5.2", "6.5.2\6.5.2.csproj", "{800F30F1-D4C6-4434-BAD7-25EBFAA0F2ED}"
EndProject
Project("{FAE04EC0-301F-11D3-BF4B-00C04F79EFBC}") = "6.6.1", "6.6.1\6.6.1.csproj", "{1E36EF88-BD66-4DE8-99EB-375D7494C8DF}"
EndProject
Project("{FAE04EC0-301F-11D3-BF4B-00C04F79EFBC}") = "6.6.2", "6.6.2\6.6.2.csproj", "{9E033A50-2B5D-4E96-BCA0-10535E9ACD5F}"
EndProject
Project("{FAE04EC0-301F-11D3-BF4B-00C04F79EFBC}") = "7.1.4", "7.1.4\7.1.4.csproj", "{3BAFBF95-D010-45F9-B1EC-DEF0716F2F84}"
EndProject
Project("{FAE04EC0-301F-11D3-BF4B-00C04F79EFBC}") = "7.1.5", "7.1.5\7.1.5.csproj", "{7005A821-8131-44EC-B45A-6D002764D398}"
EndProject
Project("{FAE04EC0-301F-11D3-BF4B-00C04F79EFBC}") = "7.1.6", "7.1.6\7.1.6.csproj", "{37046F30-3EF0-4777-93B3-DD0A7C1F8F56}"
EndProject
Project("{FAE04EC0-301F-11D3-BF4B-00C04F79EFBC}") = "7.1.10", "7.1.10\7.1.10.csproj", "{81AEFF14-C48C-47C4-BDBF-6E9F43FCBD60}"
EndProject
Project("{FAE04EC0-301F-11D3-BF4B-00C04F79EFBC}") = "7.2.3", "7.2.3\7.2.3.csproj", "{5CF684DE-5530-462B-A52F-9CDBE69B5723}"
EndProject
Project("{FAE04EC0-301F-11D3-BF4B-00C04F79EFBC}") = "7.2.4", "7.2.4\7.2.4.csproj", "{B42A93EC-7EB7-4E78-8189-8FAD422CE020}"
EndProject
Project("{FAE04EC0-301F-11D3-BF4B-00C04F79EFBC}") = "7.2.5", "7.2.5\7.2.5.csproj", "{33E8F898-9F86-4360-86CA-4EA7A295BD9A}"
EndProject
Project("{FAE04EC0-301F-11D3-BF4B-00C04F79EFBC}") = "7.2.7", "7.2.7\7.2.7.csproj", "{05DDF263-A28B-4078-8CCC-1C5F44851744}"
EndProject
Project("{FAE04EC0-301F-11D3-BF4B-00C04F79EFBC}") = "7.2.12", "7.2.12\7.2.12.csproj", "{90A075C4-5172-4A54-BC88-3C463FD689C8}"
EndProject
Project("{FAE04EC0-301F-11D3-BF4B-00C04F79EFBC}") = "7.2.14", "7.2.14\7.2.14.csproj", "{3D3CB320-511A-4A6C-B88F-6DF0B57E2043}"
EndProject
Project("{FAE04EC0-301F-11D3-BF4B-00C04F79EFBC}") = "7.3.3", "7.3.3\7.3.3.csproj", "{1B053FFF-BB4F-4DB8-BD6B-867035170CF3}"
EndProject
Project("{FAE04EC0-301F-11D3-BF4B-00C04F79EFBC}") = "7.5.3", "7.5.3\7.5.3.csproj", "{3948D704-9EB3-4100-8E29-14CB3279E8F2}"
EndProject
Project("{FAE04EC0-301F-11D3-BF4B-00C04F79EFBC}") = "7.5.5", "7.5.5\7.5.5.csproj", "{5764F2C0-EA57-41B8-A7E3-8015C171B34F}"
EndProject
Project("{FAE04EC0-301F-11D3-BF4B-00C04F79EFBC}") = "7.5.9", "7.5.9\7.5.9.csproj", "{1EAEDF3A-E9A5-4CA9-8598-9DA1FB9516BA}"
EndProject
Project("{FAE04EC0-301F-11D3-BF4B-00C04F79EFBC}") = "7.6.2", "7.6.2\7.6.2.csproj", "{B22730AB-9882-4750-A2A8-CC1CC34EB5B6}"
EndProject
Project("{FAE04EC0-301F-11D3-BF4B-00C04F79EFBC}") = "7.6.6", "7.6.6\7.6.6.csproj", "{10B9EB1A-65C4-41DC-A05D-5E6601253DF4}"
EndProject
Project("{FAE04EC0-301F-11D3-BF4B-00C04F79EFBC}") = "7.7", "7.7\7.7.csproj", "{0C2F4CD1-29D2-453F-A39A-44A2A3B81776}"
EndProject
Project("{FAE04EC0-301F-11D3-BF4B-00C04F79EFBC}") = "8.1.4", "8.1.4\8.1.4.csproj", "{2EF52B8F-3B38-4226-9718-70642B80DAAE}"
EndProject
Project("{FAE04EC0-301F-11D3-BF4B-00C04F79EFBC}") = "8.1.5", "8.1.5\8.1.5.csproj", "{4FF0C18F-010C-4C72-B946-E8DEF03A3070}"
EndProject
Project("{FAE04EC0-301F-11D3-BF4B-00C04F79EFBC}") = "8.2.1", "8.2.1\8.2.1.csproj", "{E6FD0924-B324-4E71-B843-EFB36A746E05}"
EndProject
Project("{FAE04EC0-301F-11D3-BF4B-00C04F79EFBC}") = "8.3.1", "8.3.1\8.3.1.csproj", "{04D4FF26-4C2F-473A-8A65-FAD025066D88}"
EndProject
Project("{FAE04EC0-301F-11D3-BF4B-00C04F79EFBC}") = "8.3.2", "8.3.2\8.3.2.csproj", "{8356092B-22F9-47CB-AB57-FEBD97EBE873}"
EndProject
Project("{FAE04EC0-301F-11D3-BF4B-00C04F79EFBC}") = "8.4.1", "8.4.1\8.4.1.csproj", "{599F8EB7-AE2B-4BFB-9446-42F6320C3D68}"
EndProject
Project("{FAE04EC0-301F-11D3-BF4B-00C04F79EFBC}") = "8.6", "8.6\8.6.csproj", "{369E54DC-C074-4965-98C1-BAD6A8B16EDE}"
EndProject
Global
	GlobalSection(SolutionConfigurationPlatforms) = preSolution
		Debug|Any CPU = Debug|Any CPU
		Release|Any CPU = Release|Any CPU
	EndGlobalSection
	GlobalSection(ProjectConfigurationPlatforms) = postSolution
		{95D802A4-A15E-439F-9E41-135375AC5781}.Debug|Any CPU.ActiveCfg = Debug|Any CPU
		{95D802A4-A15E-439F-9E41-135375AC5781}.Debug|Any CPU.Build.0 = Debug|Any CPU
		{95D802A4-A15E-439F-9E41-135375AC5781}.Release|Any CPU.ActiveCfg = Release|Any CPU
		{95D802A4-A15E-439F-9E41-135375AC5781}.Release|Any CPU.Build.0 = Release|Any CPU
		{C2348AEE-AF0B-4DCA-A037-210DFBE7AFAD}.Debug|Any CPU.ActiveCfg = Debug|Any CPU
		{C2348AEE-AF0B-4DCA-A037-210DFBE7AFAD}.Debug|Any CPU.Build.0 = Debug|Any CPU
		{C2348AEE-AF0B-4DCA-A037-210DFBE7AFAD}.Release|Any CPU.ActiveCfg = Release|Any CPU
		{C2348AEE-AF0B-4DCA-A037-210DFBE7AFAD}.Release|Any CPU.Build.0 = Release|Any CPU
		{4AD8BE52-48AA-4BA8-9768-04EA894152C0}.Debug|Any CPU.ActiveCfg = Debug|Any CPU
		{4AD8BE52-48AA-4BA8-9768-04EA894152C0}.Debug|Any CPU.Build.0 = Debug|Any CPU
		{4AD8BE52-48AA-4BA8-9768-04EA894152C0}.Release|Any CPU.ActiveCfg = Release|Any CPU
		{4AD8BE52-48AA-4BA8-9768-04EA894152C0}.Release|Any CPU.Build.0 = Release|Any CPU
		{781E93CD-5244-45F3-911B-38BB8A133B36}.Debug|Any CPU.ActiveCfg = Debug|Any CPU
		{781E93CD-5244-45F3-911B-38BB8A133B36}.Debug|Any CPU.Build.0 = Debug|Any CPU
		{781E93CD-5244-45F3-911B-38BB8A133B36}.Release|Any CPU.ActiveCfg = Release|Any CPU
		{781E93CD-5244-45F3-911B-38BB8A133B36}.Release|Any CPU.Build.0 = Release|Any CPU
		{188A95E0-AA95-46D5-B7E2-769D6870AA68}.Debug|Any CPU.ActiveCfg = Debug|Any CPU
		{188A95E0-AA95-46D5-B7E2-769D6870AA68}.Debug|Any CPU.Build.0 = Debug|Any CPU
		{188A95E0-AA95-46D5-B7E2-769D6870AA68}.Release|Any CPU.ActiveCfg = Release|Any CPU
		{188A95E0-AA95-46D5-B7E2-769D6870AA68}.Release|Any CPU.Build.0 = Release|Any CPU
		{A7B2A846-0F38-4533-86F4-8D4A7F469FEF}.Debug|Any CPU.ActiveCfg = Debug|Any CPU
		{A7B2A846-0F38-4533-86F4-8D4A7F469FEF}.Debug|Any CPU.Build.0 = Debug|Any CPU
		{A7B2A846-0F38-4533-86F4-8D4A7F469FEF}.Release|Any CPU.ActiveCfg = Release|Any CPU
		{A7B2A846-0F38-4533-86F4-8D4A7F469FEF}.Release|Any CPU.Build.0 = Release|Any CPU
		{8F3F546A-16B2-4B5A-A5D8-A78EA3FDAACA}.Debug|Any CPU.ActiveCfg = Debug|Any CPU
		{8F3F546A-16B2-4B5A-A5D8-A78EA3FDAACA}.Debug|Any CPU.Build.0 = Debug|Any CPU
		{8F3F546A-16B2-4B5A-A5D8-A78EA3FDAACA}.Release|Any CPU.ActiveCfg = Release|Any CPU
		{8F3F546A-16B2-4B5A-A5D8-A78EA3FDAACA}.Release|Any CPU.Build.0 = Release|Any CPU
		{DE90DBB3-8E9F-4A01-9A74-031E6D4A3CDB}.Debug|Any CPU.ActiveCfg = Debug|Any CPU
		{DE90DBB3-8E9F-4A01-9A74-031E6D4A3CDB}.Debug|Any CPU.Build.0 = Debug|Any CPU
		{DE90DBB3-8E9F-4A01-9A74-031E6D4A3CDB}.Release|Any CPU.ActiveCfg = Release|Any CPU
		{DE90DBB3-8E9F-4A01-9A74-031E6D4A3CDB}.Release|Any CPU.Build.0 = Release|Any CPU
		{71636D0F-372E-483A-821C-227D9213A22E}.Debug|Any CPU.ActiveCfg = Debug|Any CPU
		{71636D0F-372E-483A-821C-227D9213A22E}.Debug|Any CPU.Build.0 = Debug|Any CPU
		{71636D0F-372E-483A-821C-227D9213A22E}.Release|Any CPU.ActiveCfg = Release|Any CPU
		{71636D0F-372E-483A-821C-227D9213A22E}.Release|Any CPU.Build.0 = Release|Any CPU
		{2063EC83-4F3C-4590-80DA-88C79B4A10E4}.Debug|Any CPU.ActiveCfg = Debug|Any CPU
		{2063EC83-4F3C-4590-80DA-88C79B4A10E4}.Debug|Any CPU.Build.0 = Debug|Any CPU
		{2063EC83-4F3C-4590-80DA-88C79B4A10E4}.Release|Any CPU.ActiveCfg = Release|Any CPU
		{2063EC83-4F3C-4590-80DA-88C79B4A10E4}.Release|Any CPU.Build.0 = Release|Any CPU
		{E6A71005-0CEE-48F5-8859-2E14D0FFFD72}.Debug|Any CPU.ActiveCfg = Debug|Any CPU
		{E6A71005-0CEE-48F5-8859-2E14D0FFFD72}.Debug|Any CPU.Build.0 = Debug|Any CPU
		{E6A71005-0CEE-48F5-8859-2E14D0FFFD72}.Release|Any CPU.ActiveCfg = Release|Any CPU
		{E6A71005-0CEE-48F5-8859-2E14D0FFFD72}.Release|Any CPU.Build.0 = Release|Any CPU
		{431844AA-0872-46EC-B8A9-C4DD4083F9C8}.Debug|Any CPU.ActiveCfg = Debug|Any CPU
		{431844AA-0872-46EC-B8A9-C4DD4083F9C8}.Debug|Any CPU.Build.0 = Debug|Any CPU
		{431844AA-0872-46EC-B8A9-C4DD4083F9C8}.Release|Any CPU.ActiveCfg = Release|Any CPU
		{431844AA-0872-46EC-B8A9-C4DD4083F9C8}.Release|Any CPU.Build.0 = Release|Any CPU
		{4B591CEF-D2AD-451D-BB92-CDDE0669E3E5}.Debug|Any CPU.ActiveCfg = Debug|Any CPU
		{4B591CEF-D2AD-451D-BB92-CDDE0669E3E5}.Debug|Any CPU.Build.0 = Debug|Any CPU
		{4B591CEF-D2AD-451D-BB92-CDDE0669E3E5}.Release|Any CPU.ActiveCfg = Release|Any CPU
		{4B591CEF-D2AD-451D-BB92-CDDE0669E3E5}.Release|Any CPU.Build.0 = Release|Any CPU
		{984B8ABE-B736-4D10-AAC6-A7C07AC9EF75}.Debug|Any CPU.ActiveCfg = Debug|Any CPU
		{984B8ABE-B736-4D10-AAC6-A7C07AC9EF75}.Debug|Any CPU.Build.0 = Debug|Any CPU
		{984B8ABE-B736-4D10-AAC6-A7C07AC9EF75}.Release|Any CPU.ActiveCfg = Release|Any CPU
		{984B8ABE-B736-4D10-AAC6-A7C07AC9EF75}.Release|Any CPU.Build.0 = Release|Any CPU
		{37854A48-7DC7-4B09-8DA7-E851674BE66A}.Debug|Any CPU.ActiveCfg = Debug|Any CPU
		{37854A48-7DC7-4B09-8DA7-E851674BE66A}.Debug|Any CPU.Build.0 = Debug|Any CPU
		{37854A48-7DC7-4B09-8DA7-E851674BE66A}.Release|Any CPU.ActiveCfg = Release|Any CPU
		{37854A48-7DC7-4B09-8DA7-E851674BE66A}.Release|Any CPU.Build.0 = Release|Any CPU
		{276F9E63-5B3B-4BCD-AFC8-1D72CB7A1086}.Debug|Any CPU.ActiveCfg = Debug|Any CPU
		{276F9E63-5B3B-4BCD-AFC8-1D72CB7A1086}.Debug|Any CPU.Build.0 = Debug|Any CPU
		{276F9E63-5B3B-4BCD-AFC8-1D72CB7A1086}.Release|Any CPU.ActiveCfg = Release|Any CPU
		{276F9E63-5B3B-4BCD-AFC8-1D72CB7A1086}.Release|Any CPU.Build.0 = Release|Any CPU
		{CDD4002B-E26B-4B2C-B524-ABF57D1E567F}.Debug|Any CPU.ActiveCfg = Debug|Any CPU
		{CDD4002B-E26B-4B2C-B524-ABF57D1E567F}.Debug|Any CPU.Build.0 = Debug|Any CPU
		{CDD4002B-E26B-4B2C-B524-ABF57D1E567F}.Release|Any CPU.ActiveCfg = Release|Any CPU
		{CDD4002B-E26B-4B2C-B524-ABF57D1E567F}.Release|Any CPU.Build.0 = Release|Any CPU
		{80D3F492-1429-4146-9718-ADE8BD6DE90E}.Debug|Any CPU.ActiveCfg = Debug|Any CPU
		{80D3F492-1429-4146-9718-ADE8BD6DE90E}.Debug|Any CPU.Build.0 = Debug|Any CPU
		{80D3F492-1429-4146-9718-ADE8BD6DE90E}.Release|Any CPU.ActiveCfg = Release|Any CPU
		{80D3F492-1429-4146-9718-ADE8BD6DE90E}.Release|Any CPU.Build.0 = Release|Any CPU
		{475CCAC4-58CE-40B1-9A80-80398E2152FF}.Debug|Any CPU.ActiveCfg = Debug|Any CPU
		{475CCAC4-58CE-40B1-9A80-80398E2152FF}.Debug|Any CPU.Build.0 = Debug|Any CPU
		{475CCAC4-58CE-40B1-9A80-80398E2152FF}.Release|Any CPU.ActiveCfg = Release|Any CPU
		{475CCAC4-58CE-40B1-9A80-80398E2152FF}.Release|Any CPU.Build.0 = Release|Any CPU
		{6EE46ACA-1DC0-467C-B032-7A19D6AF09BA}.Debug|Any CPU.ActiveCfg = Debug|Any CPU
		{6EE46ACA-1DC0-467C-B032-7A19D6AF09BA}.Debug|Any CPU.Build.0 = Debug|Any CPU
		{6EE46ACA-1DC0-467C-B032-7A19D6AF09BA}.Release|Any CPU.ActiveCfg = Release|Any CPU
		{6EE46ACA-1DC0-467C-B032-7A19D6AF09BA}.Release|Any CPU.Build.0 = Release|Any CPU
		{FB5A1646-8F16-4932-9CD6-BDF78D48254D}.Debug|Any CPU.ActiveCfg = Debug|Any CPU
		{FB5A1646-8F16-4932-9CD6-BDF78D48254D}.Debug|Any CPU.Build.0 = Debug|Any CPU
		{FB5A1646-8F16-4932-9CD6-BDF78D48254D}.Release|Any CPU.ActiveCfg = Release|Any CPU
		{FB5A1646-8F16-4932-9CD6-BDF78D48254D}.Release|Any CPU.Build.0 = Release|Any CPU
		{93C0E267-7D98-4001-BFA7-C7B864A8E98D}.Debug|Any CPU.ActiveCfg = Debug|Any CPU
		{93C0E267-7D98-4001-BFA7-C7B864A8E98D}.Debug|Any CPU.Build.0 = Debug|Any CPU
		{93C0E267-7D98-4001-BFA7-C7B864A8E98D}.Release|Any CPU.ActiveCfg = Release|Any CPU
		{93C0E267-7D98-4001-BFA7-C7B864A8E98D}.Release|Any CPU.Build.0 = Release|Any CPU
		{2F8B4646-5A62-44CD-9510-FF980C274045}.Debug|Any CPU.ActiveCfg = Debug|Any CPU
		{2F8B4646-5A62-44CD-9510-FF980C274045}.Debug|Any CPU.Build.0 = Debug|Any CPU
		{2F8B4646-5A62-44CD-9510-FF980C274045}.Release|Any CPU.ActiveCfg = Release|Any CPU
		{2F8B4646-5A62-44CD-9510-FF980C274045}.Release|Any CPU.Build.0 = Release|Any CPU
		{66CAAC4D-718B-4205-B5CE-42373757E3D0}.Debug|Any CPU.ActiveCfg = Debug|Any CPU
		{66CAAC4D-718B-4205-B5CE-42373757E3D0}.Debug|Any CPU.Build.0 = Debug|Any CPU
		{66CAAC4D-718B-4205-B5CE-42373757E3D0}.Release|Any CPU.ActiveCfg = Release|Any CPU
		{66CAAC4D-718B-4205-B5CE-42373757E3D0}.Release|Any CPU.Build.0 = Release|Any CPU
		{010AB1BB-DF6A-46BD-B66C-6CF4BF29ECB4}.Debug|Any CPU.ActiveCfg = Debug|Any CPU
		{010AB1BB-DF6A-46BD-B66C-6CF4BF29ECB4}.Debug|Any CPU.Build.0 = Debug|Any CPU
		{010AB1BB-DF6A-46BD-B66C-6CF4BF29ECB4}.Release|Any CPU.ActiveCfg = Release|Any CPU
		{010AB1BB-DF6A-46BD-B66C-6CF4BF29ECB4}.Release|Any CPU.Build.0 = Release|Any CPU
		{F890C45D-796A-4A35-A6F7-DAB400F98DAE}.Debug|Any CPU.ActiveCfg = Debug|Any CPU
		{F890C45D-796A-4A35-A6F7-DAB400F98DAE}.Debug|Any CPU.Build.0 = Debug|Any CPU
		{F890C45D-796A-4A35-A6F7-DAB400F98DAE}.Release|Any CPU.ActiveCfg = Release|Any CPU
		{F890C45D-796A-4A35-A6F7-DAB400F98DAE}.Release|Any CPU.Build.0 = Release|Any CPU
		{02DEC5BC-BF54-43FD-9DE2-2AB74A240E92}.Debug|Any CPU.ActiveCfg = Debug|Any CPU
		{02DEC5BC-BF54-43FD-9DE2-2AB74A240E92}.Debug|Any CPU.Build.0 = Debug|Any CPU
		{02DEC5BC-BF54-43FD-9DE2-2AB74A240E92}.Release|Any CPU.ActiveCfg = Release|Any CPU
		{02DEC5BC-BF54-43FD-9DE2-2AB74A240E92}.Release|Any CPU.Build.0 = Release|Any CPU
		{9D71542B-DBF6-46FA-949F-0B300EB9C03C}.Debug|Any CPU.ActiveCfg = Debug|Any CPU
		{9D71542B-DBF6-46FA-949F-0B300EB9C03C}.Debug|Any CPU.Build.0 = Debug|Any CPU
		{9D71542B-DBF6-46FA-949F-0B300EB9C03C}.Release|Any CPU.ActiveCfg = Release|Any CPU
		{9D71542B-DBF6-46FA-949F-0B300EB9C03C}.Release|Any CPU.Build.0 = Release|Any CPU
		{65EB1905-E70D-4EDE-929C-ED153CB80032}.Debug|Any CPU.ActiveCfg = Debug|Any CPU
		{65EB1905-E70D-4EDE-929C-ED153CB80032}.Debug|Any CPU.Build.0 = Debug|Any CPU
		{65EB1905-E70D-4EDE-929C-ED153CB80032}.Release|Any CPU.ActiveCfg = Release|Any CPU
		{65EB1905-E70D-4EDE-929C-ED153CB80032}.Release|Any CPU.Build.0 = Release|Any CPU
		{F4FB5FD4-1BF0-4990-8417-2E060DD17739}.Debug|Any CPU.ActiveCfg = Debug|Any CPU
		{F4FB5FD4-1BF0-4990-8417-2E060DD17739}.Debug|Any CPU.Build.0 = Debug|Any CPU
		{F4FB5FD4-1BF0-4990-8417-2E060DD17739}.Release|Any CPU.ActiveCfg = Release|Any CPU
		{F4FB5FD4-1BF0-4990-8417-2E060DD17739}.Release|Any CPU.Build.0 = Release|Any CPU
		{F4DE8D89-F13B-40A8-AF22-A0DA213B5FFF}.Debug|Any CPU.ActiveCfg = Debug|Any CPU
		{F4DE8D89-F13B-40A8-AF22-A0DA213B5FFF}.Debug|Any CPU.Build.0 = Debug|Any CPU
		{F4DE8D89-F13B-40A8-AF22-A0DA213B5FFF}.Release|Any CPU.ActiveCfg = Release|Any CPU
		{F4DE8D89-F13B-40A8-AF22-A0DA213B5FFF}.Release|Any CPU.Build.0 = Release|Any CPU
		{800F30F1-D4C6-4434-BAD7-25EBFAA0F2ED}.Debug|Any CPU.ActiveCfg = Debug|Any CPU
		{800F30F1-D4C6-4434-BAD7-25EBFAA0F2ED}.Debug|Any CPU.Build.0 = Debug|Any CPU
		{800F30F1-D4C6-4434-BAD7-25EBFAA0F2ED}.Release|Any CPU.ActiveCfg = Release|Any CPU
		{800F30F1-D4C6-4434-BAD7-25EBFAA0F2ED}.Release|Any CPU.Build.0 = Release|Any CPU
		{1E36EF88-BD66-4DE8-99EB-375D7494C8DF}.Debug|Any CPU.ActiveCfg = Debug|Any CPU
		{1E36EF88-BD66-4DE8-99EB-375D7494C8DF}.Debug|Any CPU.Build.0 = Debug|Any CPU
		{1E36EF88-BD66-4DE8-99EB-375D7494C8DF}.Release|Any CPU.ActiveCfg = Release|Any CPU
		{1E36EF88-BD66-4DE8-99EB-375D7494C8DF}.Release|Any CPU.Build.0 = Release|Any CPU
		{9E033A50-2B5D-4E96-BCA0-10535E9ACD5F}.Debug|Any CPU.ActiveCfg = Debug|Any CPU
		{9E033A50-2B5D-4E96-BCA0-10535E9ACD5F}.Debug|Any CPU.Build.0 = Debug|Any CPU
		{9E033A50-2B5D-4E96-BCA0-10535E9ACD5F}.Release|Any CPU.ActiveCfg = Release|Any CPU
		{9E033A50-2B5D-4E96-BCA0-10535E9ACD5F}.Release|Any CPU.Build.0 = Release|Any CPU
		{3BAFBF95-D010-45F9-B1EC-DEF0716F2F84}.Debug|Any CPU.ActiveCfg = Debug|Any CPU
		{3BAFBF95-D010-45F9-B1EC-DEF0716F2F84}.Debug|Any CPU.Build.0 = Debug|Any CPU
		{3BAFBF95-D010-45F9-B1EC-DEF0716F2F84}.Release|Any CPU.ActiveCfg = Release|Any CPU
		{3BAFBF95-D010-45F9-B1EC-DEF0716F2F84}.Release|Any CPU.Build.0 = Release|Any CPU
		{7005A821-8131-44EC-B45A-6D002764D398}.Debug|Any CPU.ActiveCfg = Debug|Any CPU
		{7005A821-8131-44EC-B45A-6D002764D398}.Debug|Any CPU.Build.0 = Debug|Any CPU
		{7005A821-8131-44EC-B45A-6D002764D398}.Release|Any CPU.ActiveCfg = Release|Any CPU
		{7005A821-8131-44EC-B45A-6D002764D398}.Release|Any CPU.Build.0 = Release|Any CPU
		{37046F30-3EF0-4777-93B3-DD0A7C1F8F56}.Debug|Any CPU.ActiveCfg = Debug|Any CPU
		{37046F30-3EF0-4777-93B3-DD0A7C1F8F56}.Debug|Any CPU.Build.0 = Debug|Any CPU
		{37046F30-3EF0-4777-93B3-DD0A7C1F8F56}.Release|Any CPU.ActiveCfg = Release|Any CPU
		{37046F30-3EF0-4777-93B3-DD0A7C1F8F56}.Release|Any CPU.Build.0 = Release|Any CPU
		{81AEFF14-C48C-47C4-BDBF-6E9F43FCBD60}.Debug|Any CPU.ActiveCfg = Debug|Any CPU
		{81AEFF14-C48C-47C4-BDBF-6E9F43FCBD60}.Debug|Any CPU.Build.0 = Debug|Any CPU
		{81AEFF14-C48C-47C4-BDBF-6E9F43FCBD60}.Release|Any CPU.ActiveCfg = Release|Any CPU
		{81AEFF14-C48C-47C4-BDBF-6E9F43FCBD60}.Release|Any CPU.Build.0 = Release|Any CPU
		{5CF684DE-5530-462B-A52F-9CDBE69B5723}.Debug|Any CPU.ActiveCfg = Debug|Any CPU
		{5CF684DE-5530-462B-A52F-9CDBE69B5723}.Debug|Any CPU.Build.0 = Debug|Any CPU
		{5CF684DE-5530-462B-A52F-9CDBE69B5723}.Release|Any CPU.ActiveCfg = Release|Any CPU
		{5CF684DE-5530-462B-A52F-9CDBE69B5723}.Release|Any CPU.Build.0 = Release|Any CPU
		{B42A93EC-7EB7-4E78-8189-8FAD422CE020}.Debug|Any CPU.ActiveCfg = Debug|Any CPU
		{B42A93EC-7EB7-4E78-8189-8FAD422CE020}.Debug|Any CPU.Build.0 = Debug|Any CPU
		{B42A93EC-7EB7-4E78-8189-8FAD422CE020}.Release|Any CPU.ActiveCfg = Release|Any CPU
		{B42A93EC-7EB7-4E78-8189-8FAD422CE020}.Release|Any CPU.Build.0 = Release|Any CPU
		{33E8F898-9F86-4360-86CA-4EA7A295BD9A}.Debug|Any CPU.ActiveCfg = Debug|Any CPU
		{33E8F898-9F86-4360-86CA-4EA7A295BD9A}.Debug|Any CPU.Build.0 = Debug|Any CPU
		{33E8F898-9F86-4360-86CA-4EA7A295BD9A}.Release|Any CPU.ActiveCfg = Release|Any CPU
		{33E8F898-9F86-4360-86CA-4EA7A295BD9A}.Release|Any CPU.Build.0 = Release|Any CPU
		{05DDF263-A28B-4078-8CCC-1C5F44851744}.Debug|Any CPU.ActiveCfg = Debug|Any CPU
		{05DDF263-A28B-4078-8CCC-1C5F44851744}.Debug|Any CPU.Build.0 = Debug|Any CPU
		{05DDF263-A28B-4078-8CCC-1C5F44851744}.Release|Any CPU.ActiveCfg = Release|Any CPU
		{05DDF263-A28B-4078-8CCC-1C5F44851744}.Release|Any CPU.Build.0 = Release|Any CPU
		{90A075C4-5172-4A54-BC88-3C463FD689C8}.Debug|Any CPU.ActiveCfg = Debug|Any CPU
		{90A075C4-5172-4A54-BC88-3C463FD689C8}.Debug|Any CPU.Build.0 = Debug|Any CPU
		{90A075C4-5172-4A54-BC88-3C463FD689C8}.Release|Any CPU.ActiveCfg = Release|Any CPU
		{90A075C4-5172-4A54-BC88-3C463FD689C8}.Release|Any CPU.Build.0 = Release|Any CPU
		{3D3CB320-511A-4A6C-B88F-6DF0B57E2043}.Debug|Any CPU.ActiveCfg = Debug|Any CPU
		{3D3CB320-511A-4A6C-B88F-6DF0B57E2043}.Debug|Any CPU.Build.0 = Debug|Any CPU
		{3D3CB320-511A-4A6C-B88F-6DF0B57E2043}.Release|Any CPU.ActiveCfg = Release|Any CPU
		{3D3CB320-511A-4A6C-B88F-6DF0B57E2043}.Release|Any CPU.Build.0 = Release|Any CPU
		{1B053FFF-BB4F-4DB8-BD6B-867035170CF3}.Debug|Any CPU.ActiveCfg = Debug|Any CPU
		{1B053FFF-BB4F-4DB8-BD6B-867035170CF3}.Debug|Any CPU.Build.0 = Debug|Any CPU
		{1B053FFF-BB4F-4DB8-BD6B-867035170CF3}.Release|Any CPU.ActiveCfg = Release|Any CPU
		{1B053FFF-BB4F-4DB8-BD6B-867035170CF3}.Release|Any CPU.Build.0 = Release|Any CPU
		{3948D704-9EB3-4100-8E29-14CB3279E8F2}.Debug|Any CPU.ActiveCfg = Debug|Any CPU
		{3948D704-9EB3-4100-8E29-14CB3279E8F2}.Debug|Any CPU.Build.0 = Debug|Any CPU
		{3948D704-9EB3-4100-8E29-14CB3279E8F2}.Release|Any CPU.ActiveCfg = Release|Any CPU
		{3948D704-9EB3-4100-8E29-14CB3279E8F2}.Release|Any CPU.Build.0 = Release|Any CPU
		{5764F2C0-EA57-41B8-A7E3-8015C171B34F}.Debug|Any CPU.ActiveCfg = Debug|Any CPU
		{5764F2C0-EA57-41B8-A7E3-8015C171B34F}.Debug|Any CPU.Build.0 = Debug|Any CPU
		{5764F2C0-EA57-41B8-A7E3-8015C171B34F}.Release|Any CPU.ActiveCfg = Release|Any CPU
		{5764F2C0-EA57-41B8-A7E3-8015C171B34F}.Release|Any CPU.Build.0 = Release|Any CPU
		{1EAEDF3A-E9A5-4CA9-8598-9DA1FB9516BA}.Debug|Any CPU.ActiveCfg = Debug|Any CPU
		{1EAEDF3A-E9A5-4CA9-8598-9DA1FB9516BA}.Debug|Any CPU.Build.0 = Debug|Any CPU
		{1EAEDF3A-E9A5-4CA9-8598-9DA1FB9516BA}.Release|Any CPU.ActiveCfg = Release|Any CPU
		{1EAEDF3A-E9A5-4CA9-8598-9DA1FB9516BA}.Release|Any CPU.Build.0 = Release|Any CPU
		{B22730AB-9882-4750-A2A8-CC1CC34EB5B6}.Debug|Any CPU.ActiveCfg = Debug|Any CPU
		{B22730AB-9882-4750-A2A8-CC1CC34EB5B6}.Debug|Any CPU.Build.0 = Debug|Any CPU
		{B22730AB-9882-4750-A2A8-CC1CC34EB5B6}.Release|Any CPU.ActiveCfg = Release|Any CPU
		{B22730AB-9882-4750-A2A8-CC1CC34EB5B6}.Release|Any CPU.Build.0 = Release|Any CPU
		{10B9EB1A-65C4-41DC-A05D-5E6601253DF4}.Debug|Any CPU.ActiveCfg = Debug|Any CPU
		{10B9EB1A-65C4-41DC-A05D-5E6601253DF4}.Debug|Any CPU.Build.0 = Debug|Any CPU
		{10B9EB1A-65C4-41DC-A05D-5E6601253DF4}.Release|Any CPU.ActiveCfg = Release|Any CPU
		{10B9EB1A-65C4-41DC-A05D-5E6601253DF4}.Release|Any CPU.Build.0 = Release|Any CPU
		{0C2F4CD1-29D2-453F-A39A-44A2A3B81776}.Debug|Any CPU.ActiveCfg = Debug|Any CPU
		{0C2F4CD1-29D2-453F-A39A-44A2A3B81776}.Debug|Any CPU.Build.0 = Debug|Any CPU
		{0C2F4CD1-29D2-453F-A39A-44A2A3B81776}.Release|Any CPU.ActiveCfg = Release|Any CPU
		{0C2F4CD1-29D2-453F-A39A-44A2A3B81776}.Release|Any CPU.Build.0 = Release|Any CPU
		{2EF52B8F-3B38-4226-9718-70642B80DAAE}.Debug|Any CPU.ActiveCfg = Debug|Any CPU
		{2EF52B8F-3B38-4226-9718-70642B80DAAE}.Debug|Any CPU.Build.0 = Debug|Any CPU
		{2EF52B8F-3B38-4226-9718-70642B80DAAE}.Release|Any CPU.ActiveCfg = Release|Any CPU
		{2EF52B8F-3B38-4226-9718-70642B80DAAE}.Release|Any CPU.Build.0 = Release|Any CPU
		{4FF0C18F-010C-4C72-B946-E8DEF03A3070}.Debug|Any CPU.ActiveCfg = Debug|Any CPU
		{4FF0C18F-010C-4C72-B946-E8DEF03A3070}.Debug|Any CPU.Build.0 = Debug|Any CPU
		{4FF0C18F-010C-4C72-B946-E8DEF03A3070}.Release|Any CPU.ActiveCfg = Release|Any CPU
		{4FF0C18F-010C-4C72-B946-E8DEF03A3070}.Release|Any CPU.Build.0 = Release|Any CPU
		{E6FD0924-B324-4E71-B843-EFB36A746E05}.Debug|Any CPU.ActiveCfg = Debug|Any CPU
		{E6FD0924-B324-4E71-B843-EFB36A746E05}.Debug|Any CPU.Build.0 = Debug|Any CPU
		{E6FD0924-B324-4E71-B843-EFB36A746E05}.Release|Any CPU.ActiveCfg = Release|Any CPU
		{E6FD0924-B324-4E71-B843-EFB36A746E05}.Release|Any CPU.Build.0 = Release|Any CPU
		{04D4FF26-4C2F-473A-8A65-FAD025066D88}.Debug|Any CPU.ActiveCfg = Debug|Any CPU
		{04D4FF26-4C2F-473A-8A65-FAD025066D88}.Debug|Any CPU.Build.0 = Debug|Any CPU
		{04D4FF26-4C2F-473A-8A65-FAD025066D88}.Release|Any CPU.ActiveCfg = Release|Any CPU
		{04D4FF26-4C2F-473A-8A65-FAD025066D88}.Release|Any CPU.Build.0 = Release|Any CPU
		{8356092B-22F9-47CB-AB57-FEBD97EBE873}.Debug|Any CPU.ActiveCfg = Debug|Any CPU
		{8356092B-22F9-47CB-AB57-FEBD97EBE873}.Debug|Any CPU.Build.0 = Debug|Any CPU
		{8356092B-22F9-47CB-AB57-FEBD97EBE873}.Release|Any CPU.ActiveCfg = Release|Any CPU
		{8356092B-22F9-47CB-AB57-FEBD97EBE873}.Release|Any CPU.Build.0 = Release|Any CPU
		{599F8EB7-AE2B-4BFB-9446-42F6320C3D68}.Debug|Any CPU.ActiveCfg = Debug|Any CPU
		{599F8EB7-AE2B-4BFB-9446-42F6320C3D68}.Debug|Any CPU.Build.0 = Debug|Any CPU
		{599F8EB7-AE2B-4BFB-9446-42F6320C3D68}.Release|Any CPU.ActiveCfg = Release|Any CPU
		{599F8EB7-AE2B-4BFB-9446-42F6320C3D68}.Release|Any CPU.Build.0 = Release|Any CPU
		{369E54DC-C074-4965-98C1-BAD6A8B16EDE}.Debug|Any CPU.ActiveCfg = Debug|Any CPU
		{369E54DC-C074-4965-98C1-BAD6A8B16EDE}.Debug|Any CPU.Build.0 = Debug|Any CPU
		{369E54DC-C074-4965-98C1-BAD6A8B16EDE}.Release|Any CPU.ActiveCfg = Release|Any CPU
		{369E54DC-C074-4965-98C1-BAD6A8B16EDE}.Release|Any CPU.Build.0 = Release|Any CPU
	EndGlobalSection
	GlobalSection(SolutionProperties) = preSolution
		HideSolutionNode = FALSE
	EndGlobalSection
	GlobalSection(ExtensibilityGlobals) = postSolution
		SolutionGuid = {8286D6CE-3FCB-4EE9-B458-47B835B175B9}
	EndGlobalSection
EndGlobal
